// !$*UTF8*$!
{
	archiveVersion = 1;
	classes = {
	};
	objectVersion = 55;
	objects = {

/* Begin PBXBuildFile section */
		A905410D27A57B8300630DA5 /* PageControl.swift in Sources */ = {isa = PBXBuildFile; fileRef = A905410C27A57B8300630DA5 /* PageControl.swift */; };
		A905410F27A57DF900630DA5 /* AssetBannerView.swift in Sources */ = {isa = PBXBuildFile; fileRef = A905410E27A57DF900630DA5 /* AssetBannerView.swift */; };
		A915B08827A2925D00817A94 /* MyAssetsApp.swift in Sources */ = {isa = PBXBuildFile; fileRef = A915B08727A2925D00817A94 /* MyAssetsApp.swift */; };
		A915B08A27A2925D00817A94 /* ContentView.swift in Sources */ = {isa = PBXBuildFile; fileRef = A915B08927A2925D00817A94 /* ContentView.swift */; };
		A915B08C27A2926000817A94 /* Assets.xcassets in Resources */ = {isa = PBXBuildFile; fileRef = A915B08B27A2926000817A94 /* Assets.xcassets */; };
		A915B08F27A2926000817A94 /* Preview Assets.xcassets in Resources */ = {isa = PBXBuildFile; fileRef = A915B08E27A2926000817A94 /* Preview Assets.xcassets */; };
		A94F9C1227A554150053BD7C /* AssetBanner.swift in Sources */ = {isa = PBXBuildFile; fileRef = A94F9C1127A554150053BD7C /* AssetBanner.swift */; };
		A94F9C1527A554770053BD7C /* BannerCard.swift in Sources */ = {isa = PBXBuildFile; fileRef = A94F9C1427A554770053BD7C /* BannerCard.swift */; };
		A94F9C1827A555B40053BD7C /* PageViewController.swift in Sources */ = {isa = PBXBuildFile; fileRef = A94F9C1727A555B40053BD7C /* PageViewController.swift */; };
		A95925C427A6A018005AF609 /* assets.json in Resources */ = {isa = PBXBuildFile; fileRef = A95925C327A6A018005AF609 /* assets.json */; };
		A95925C627A6A072005AF609 /* Asset.swift in Sources */ = {isa = PBXBuildFile; fileRef = A95925C527A6A072005AF609 /* Asset.swift */; };
		A95925C827A6A210005AF609 /* AssetSummaryData.swift in Sources */ = {isa = PBXBuildFile; fileRef = A95925C727A6A210005AF609 /* AssetSummaryData.swift */; };
		A95925CA27A6A59C005AF609 /* AssetSectionHeaderView.swift in Sources */ = {isa = PBXBuildFile; fileRef = A95925C927A6A59C005AF609 /* AssetSectionHeaderView.swift */; };
		A95925CC27A6A7A2005AF609 /* AssetSectionView.swift in Sources */ = {isa = PBXBuildFile; fileRef = A95925CB27A6A7A2005AF609 /* AssetSectionView.swift */; };
		A95925CE27A6AB2F005AF609 /* AssetSummaryView.swift in Sources */ = {isa = PBXBuildFile; fileRef = A95925CD27A6AB2F005AF609 /* AssetSummaryView.swift */; };
		A966D05927A30BCC004B6E03 /* NavigationBarWithButton.swift in Sources */ = {isa = PBXBuildFile; fileRef = A966D05827A30BCC004B6E03 /* NavigationBarWithButton.swift */; };
		A966D05B27A3123A004B6E03 /* AssetMenu.swift in Sources */ = {isa = PBXBuildFile; fileRef = A966D05A27A3123A004B6E03 /* AssetMenu.swift */; };
		A966D05D27A3145C004B6E03 /* AssetMenuButtonStyle.swift in Sources */ = {isa = PBXBuildFile; fileRef = A966D05C27A3145C004B6E03 /* AssetMenuButtonStyle.swift */; };
		A966D05F27A31826004B6E03 /* AssetMenuGridView.swift in Sources */ = {isa = PBXBuildFile; fileRef = A966D05E27A31826004B6E03 /* AssetMenuGridView.swift */; };
		A966D06127A319D3004B6E03 /* AssetView.swift in Sources */ = {isa = PBXBuildFile; fileRef = A966D06027A319D3004B6E03 /* AssetView.swift */; };
/* End PBXBuildFile section */

/* Begin PBXFileReference section */
		A905410C27A57B8300630DA5 /* PageControl.swift */ = {isa = PBXFileReference; lastKnownFileType = sourcecode.swift; path = PageControl.swift; sourceTree = "<group>"; };
		A905410E27A57DF900630DA5 /* AssetBannerView.swift */ = {isa = PBXFileReference; lastKnownFileType = sourcecode.swift; path = AssetBannerView.swift; sourceTree = "<group>"; };
		A915B08427A2925D00817A94 /* MyAssets.app */ = {isa = PBXFileReference; explicitFileType = wrapper.application; includeInIndex = 0; path = MyAssets.app; sourceTree = BUILT_PRODUCTS_DIR; };
		A915B08727A2925D00817A94 /* MyAssetsApp.swift */ = {isa = PBXFileReference; lastKnownFileType = sourcecode.swift; path = MyAssetsApp.swift; sourceTree = "<group>"; };
		A915B08927A2925D00817A94 /* ContentView.swift */ = {isa = PBXFileReference; lastKnownFileType = sourcecode.swift; path = ContentView.swift; sourceTree = "<group>"; };
		A915B08B27A2926000817A94 /* Assets.xcassets */ = {isa = PBXFileReference; lastKnownFileType = folder.assetcatalog; path = Assets.xcassets; sourceTree = "<group>"; };
		A915B08E27A2926000817A94 /* Preview Assets.xcassets */ = {isa = PBXFileReference; lastKnownFileType = folder.assetcatalog; path = "Preview Assets.xcassets"; sourceTree = "<group>"; };
		A915B09527A2932C00817A94 /* Info.plist */ = {isa = PBXFileReference; lastKnownFileType = text.plist; path = Info.plist; sourceTree = "<group>"; };
		A94F9C1127A554150053BD7C /* AssetBanner.swift */ = {isa = PBXFileReference; lastKnownFileType = sourcecode.swift; path = AssetBanner.swift; sourceTree = "<group>"; };
		A94F9C1427A554770053BD7C /* BannerCard.swift */ = {isa = PBXFileReference; lastKnownFileType = sourcecode.swift; path = BannerCard.swift; sourceTree = "<group>"; };
		A94F9C1727A555B40053BD7C /* PageViewController.swift */ = {isa = PBXFileReference; lastKnownFileType = sourcecode.swift; path = PageViewController.swift; sourceTree = "<group>"; };
		A95925C327A6A018005AF609 /* assets.json */ = {isa = PBXFileReference; fileEncoding = 4; lastKnownFileType = text.json; path = assets.json; sourceTree = "<group>"; };
		A95925C527A6A072005AF609 /* Asset.swift */ = {isa = PBXFileReference; lastKnownFileType = sourcecode.swift; path = Asset.swift; sourceTree = "<group>"; };
		A95925C727A6A210005AF609 /* AssetSummaryData.swift */ = {isa = PBXFileReference; lastKnownFileType = sourcecode.swift; path = AssetSummaryData.swift; sourceTree = "<group>"; };
		A95925C927A6A59C005AF609 /* AssetSectionHeaderView.swift */ = {isa = PBXFileReference; lastKnownFileType = sourcecode.swift; path = AssetSectionHeaderView.swift; sourceTree = "<group>"; };
		A95925CB27A6A7A2005AF609 /* AssetSectionView.swift */ = {isa = PBXFileReference; lastKnownFileType = sourcecode.swift; path = AssetSectionView.swift; sourceTree = "<group>"; };
		A95925CD27A6AB2F005AF609 /* AssetSummaryView.swift */ = {isa = PBXFileReference; lastKnownFileType = sourcecode.swift; path = AssetSummaryView.swift; sourceTree = "<group>"; };
		A966D05827A30BCC004B6E03 /* NavigationBarWithButton.swift */ = {isa = PBXFileReference; lastKnownFileType = sourcecode.swift; path = NavigationBarWithButton.swift; sourceTree = "<group>"; };
		A966D05A27A3123A004B6E03 /* AssetMenu.swift */ = {isa = PBXFileReference; lastKnownFileType = sourcecode.swift; path = AssetMenu.swift; sourceTree = "<group>"; };
		A966D05C27A3145C004B6E03 /* AssetMenuButtonStyle.swift */ = {isa = PBXFileReference; lastKnownFileType = sourcecode.swift; path = AssetMenuButtonStyle.swift; sourceTree = "<group>"; };
		A966D05E27A31826004B6E03 /* AssetMenuGridView.swift */ = {isa = PBXFileReference; lastKnownFileType = sourcecode.swift; path = AssetMenuGridView.swift; sourceTree = "<group>"; };
		A966D06027A319D3004B6E03 /* AssetView.swift */ = {isa = PBXFileReference; lastKnownFileType = sourcecode.swift; path = AssetView.swift; sourceTree = "<group>"; };
/* End PBXFileReference section */

/* Begin PBXFrameworksBuildPhase section */
		A915B08127A2925D00817A94 /* Frameworks */ = {
			isa = PBXFrameworksBuildPhase;
			buildActionMask = 2147483647;
			files = (
			);
			runOnlyForDeploymentPostprocessing = 0;
		};
/* End PBXFrameworksBuildPhase section */

/* Begin PBXGroup section */
		A905411027A57E0900630DA5 /* AssetBanner */ = {
			isa = PBXGroup;
			children = (
				A94F9C1427A554770053BD7C /* BannerCard.swift */,
				A94F9C1727A555B40053BD7C /* PageViewController.swift */,
				A905410C27A57B8300630DA5 /* PageControl.swift */,
				A905410E27A57DF900630DA5 /* AssetBannerView.swift */,
			);
			path = AssetBanner;
			sourceTree = "<group>";
		};
		A915B07B27A2925D00817A94 = {
			isa = PBXGroup;
			children = (
				A915B08627A2925D00817A94 /* MyAssets */,
				A915B08527A2925D00817A94 /* Products */,
			);
			sourceTree = "<group>";
		};
		A915B08527A2925D00817A94 /* Products */ = {
			isa = PBXGroup;
			children = (
				A915B08427A2925D00817A94 /* MyAssets.app */,
			);
			name = Products;
			sourceTree = "<group>";
		};
		A915B08627A2925D00817A94 /* MyAssets */ = {
			isa = PBXGroup;
			children = (
				A915B09527A2932C00817A94 /* Info.plist */,
				A95925C327A6A018005AF609 /* assets.json */,
				A915B08727A2925D00817A94 /* MyAssetsApp.swift */,
				A915B08927A2925D00817A94 /* ContentView.swift */,
				A966D05827A30BCC004B6E03 /* NavigationBarWithButton.swift */,
				A966D06027A319D3004B6E03 /* AssetView.swift */,
				A95925CF27A6ADA3005AF609 /* AssetSummaryView */,
				A905411027A57E0900630DA5 /* AssetBanner */,
				A94F9C1627A5548B0053BD7C /* AssetMenu */,
				A94F9C1327A5542C0053BD7C /* Entities */,
				A915B08B27A2926000817A94 /* Assets.xcassets */,
				A915B08D27A2926000817A94 /* Preview Content */,
			);
			path = MyAssets;
			sourceTree = "<group>";
		};
		A915B08D27A2926000817A94 /* Preview Content */ = {
			isa = PBXGroup;
			children = (
				A915B08E27A2926000817A94 /* Preview Assets.xcassets */,
			);
			path = "Preview Content";
			sourceTree = "<group>";
		};
		A94F9C1327A5542C0053BD7C /* Entities */ = {
			isa = PBXGroup;
			children = (
				A966D05A27A3123A004B6E03 /* AssetMenu.swift */,
				A94F9C1127A554150053BD7C /* AssetBanner.swift */,
				A95925C527A6A072005AF609 /* Asset.swift */,
			);
			path = Entities;
			sourceTree = "<group>";
		};
		A94F9C1627A5548B0053BD7C /* AssetMenu */ = {
			isa = PBXGroup;
			children = (
				A966D05C27A3145C004B6E03 /* AssetMenuButtonStyle.swift */,
				A966D05E27A31826004B6E03 /* AssetMenuGridView.swift */,
			);
			path = AssetMenu;
			sourceTree = "<group>";
		};
		A95925CF27A6ADA3005AF609 /* AssetSummaryView */ = {
			isa = PBXGroup;
			children = (
				A95925C727A6A210005AF609 /* AssetSummaryData.swift */,
				A95925C927A6A59C005AF609 /* AssetSectionHeaderView.swift */,
				A95925CB27A6A7A2005AF609 /* AssetSectionView.swift */,
				A95925CD27A6AB2F005AF609 /* AssetSummaryView.swift */,
			);
			path = AssetSummaryView;
			sourceTree = "<group>";
		};
/* End PBXGroup section */

/* Begin PBXNativeTarget section */
		A915B08327A2925D00817A94 /* MyAssets */ = {
			isa = PBXNativeTarget;
			buildConfigurationList = A915B09227A2926000817A94 /* Build configuration list for PBXNativeTarget "MyAssets" */;
			buildPhases = (
				A915B08027A2925D00817A94 /* Sources */,
				A915B08127A2925D00817A94 /* Frameworks */,
				A915B08227A2925D00817A94 /* Resources */,
			);
			buildRules = (
			);
			dependencies = (
			);
			name = MyAssets;
			productName = MyAssets;
			productReference = A915B08427A2925D00817A94 /* MyAssets.app */;
			productType = "com.apple.product-type.application";
		};
/* End PBXNativeTarget section */

/* Begin PBXProject section */
		A915B07C27A2925D00817A94 /* Project object */ = {
			isa = PBXProject;
			attributes = {
				BuildIndependentTargetsInParallel = 1;
				LastSwiftUpdateCheck = 1320;
				LastUpgradeCheck = 1320;
				TargetAttributes = {
					A915B08327A2925D00817A94 = {
						CreatedOnToolsVersion = 13.2.1;
					};
				};
			};
			buildConfigurationList = A915B07F27A2925D00817A94 /* Build configuration list for PBXProject "MyAssets" */;
			compatibilityVersion = "Xcode 13.0";
			developmentRegion = en;
			hasScannedForEncodings = 0;
			knownRegions = (
				en,
				Base,
			);
			mainGroup = A915B07B27A2925D00817A94;
			productRefGroup = A915B08527A2925D00817A94 /* Products */;
			projectDirPath = "";
			projectRoot = "";
			targets = (
				A915B08327A2925D00817A94 /* MyAssets */,
			);
		};
/* End PBXProject section */

/* Begin PBXResourcesBuildPhase section */
		A915B08227A2925D00817A94 /* Resources */ = {
			isa = PBXResourcesBuildPhase;
			buildActionMask = 2147483647;
			files = (
				A95925C427A6A018005AF609 /* assets.json in Resources */,
				A915B08F27A2926000817A94 /* Preview Assets.xcassets in Resources */,
				A915B08C27A2926000817A94 /* Assets.xcassets in Resources */,
			);
			runOnlyForDeploymentPostprocessing = 0;
		};
/* End PBXResourcesBuildPhase section */

/* Begin PBXSourcesBuildPhase section */
		A915B08027A2925D00817A94 /* Sources */ = {
			isa = PBXSourcesBuildPhase;
			buildActionMask = 2147483647;
			files = (
				A966D05F27A31826004B6E03 /* AssetMenuGridView.swift in Sources */,
				A95925CC27A6A7A2005AF609 /* AssetSectionView.swift in Sources */,
				A95925C627A6A072005AF609 /* Asset.swift in Sources */,
				A94F9C1827A555B40053BD7C /* PageViewController.swift in Sources */,
				A95925C827A6A210005AF609 /* AssetSummaryData.swift in Sources */,
				A95925CA27A6A59C005AF609 /* AssetSectionHeaderView.swift in Sources */,
				A95925CE27A6AB2F005AF609 /* AssetSummaryView.swift in Sources */,
				A966D05927A30BCC004B6E03 /* NavigationBarWithButton.swift in Sources */,
				A94F9C1227A554150053BD7C /* AssetBanner.swift in Sources */,
				A966D06127A319D3004B6E03 /* AssetView.swift in Sources */,
				A915B08A27A2925D00817A94 /* ContentView.swift in Sources */,
				A915B08827A2925D00817A94 /* MyAssetsApp.swift in Sources */,
				A966D05B27A3123A004B6E03 /* AssetMenu.swift in Sources */,
				A905410D27A57B8300630DA5 /* PageControl.swift in Sources */,
				A905410F27A57DF900630DA5 /* AssetBannerView.swift in Sources */,
				A94F9C1527A554770053BD7C /* BannerCard.swift in Sources */,
				A966D05D27A3145C004B6E03 /* AssetMenuButtonStyle.swift in Sources */,
			);
			runOnlyForDeploymentPostprocessing = 0;
		};
/* End PBXSourcesBuildPhase section */

/* Begin XCBuildConfiguration section */
		A915B09027A2926000817A94 /* Debug */ = {
			isa = XCBuildConfiguration;
			buildSettings = {
				ALWAYS_SEARCH_USER_PATHS = NO;
				CLANG_ANALYZER_NONNULL = YES;
				CLANG_ANALYZER_NUMBER_OBJECT_CONVERSION = YES_AGGRESSIVE;
				CLANG_CXX_LANGUAGE_STANDARD = "gnu++17";
				CLANG_CXX_LIBRARY = "libc++";
				CLANG_ENABLE_MODULES = YES;
				CLANG_ENABLE_OBJC_ARC = YES;
				CLANG_ENABLE_OBJC_WEAK = YES;
				CLANG_WARN_BLOCK_CAPTURE_AUTORELEASING = YES;
				CLANG_WARN_BOOL_CONVERSION = YES;
				CLANG_WARN_COMMA = YES;
				CLANG_WARN_CONSTANT_CONVERSION = YES;
				CLANG_WARN_DEPRECATED_OBJC_IMPLEMENTATIONS = YES;
				CLANG_WARN_DIRECT_OBJC_ISA_USAGE = YES_ERROR;
				CLANG_WARN_DOCUMENTATION_COMMENTS = YES;
				CLANG_WARN_EMPTY_BODY = YES;
				CLANG_WARN_ENUM_CONVERSION = YES;
				CLANG_WARN_INFINITE_RECURSION = YES;
				CLANG_WARN_INT_CONVERSION = YES;
				CLANG_WARN_NON_LITERAL_NULL_CONVERSION = YES;
				CLANG_WARN_OBJC_IMPLICIT_RETAIN_SELF = YES;
				CLANG_WARN_OBJC_LITERAL_CONVERSION = YES;
				CLANG_WARN_OBJC_ROOT_CLASS = YES_ERROR;
				CLANG_WARN_QUOTED_INCLUDE_IN_FRAMEWORK_HEADER = YES;
				CLANG_WARN_RANGE_LOOP_ANALYSIS = YES;
				CLANG_WARN_STRICT_PROTOTYPES = YES;
				CLANG_WARN_SUSPICIOUS_MOVE = YES;
				CLANG_WARN_UNGUARDED_AVAILABILITY = YES_AGGRESSIVE;
				CLANG_WARN_UNREACHABLE_CODE = YES;
				CLANG_WARN__DUPLICATE_METHOD_MATCH = YES;
				COPY_PHASE_STRIP = NO;
				DEBUG_INFORMATION_FORMAT = dwarf;
				ENABLE_STRICT_OBJC_MSGSEND = YES;
				ENABLE_TESTABILITY = YES;
				GCC_C_LANGUAGE_STANDARD = gnu11;
				GCC_DYNAMIC_NO_PIC = NO;
				GCC_NO_COMMON_BLOCKS = YES;
				GCC_OPTIMIZATION_LEVEL = 0;
				GCC_PREPROCESSOR_DEFINITIONS = (
					"DEBUG=1",
					"$(inherited)",
				);
				GCC_WARN_64_TO_32_BIT_CONVERSION = YES;
				GCC_WARN_ABOUT_RETURN_TYPE = YES_ERROR;
				GCC_WARN_UNDECLARED_SELECTOR = YES;
				GCC_WARN_UNINITIALIZED_AUTOS = YES_AGGRESSIVE;
				GCC_WARN_UNUSED_FUNCTION = YES;
				GCC_WARN_UNUSED_VARIABLE = YES;
				IPHONEOS_DEPLOYMENT_TARGET = 15.2;
				MTL_ENABLE_DEBUG_INFO = INCLUDE_SOURCE;
				MTL_FAST_MATH = YES;
				ONLY_ACTIVE_ARCH = YES;
				SDKROOT = iphoneos;
				SWIFT_ACTIVE_COMPILATION_CONDITIONS = DEBUG;
				SWIFT_OPTIMIZATION_LEVEL = "-Onone";
			};
			name = Debug;
		};
		A915B09127A2926000817A94 /* Release */ = {
			isa = XCBuildConfiguration;
			buildSettings = {
				ALWAYS_SEARCH_USER_PATHS = NO;
				CLANG_ANALYZER_NONNULL = YES;
				CLANG_ANALYZER_NUMBER_OBJECT_CONVERSION = YES_AGGRESSIVE;
				CLANG_CXX_LANGUAGE_STANDARD = "gnu++17";
				CLANG_CXX_LIBRARY = "libc++";
				CLANG_ENABLE_MODULES = YES;
				CLANG_ENABLE_OBJC_ARC = YES;
				CLANG_ENABLE_OBJC_WEAK = YES;
				CLANG_WARN_BLOCK_CAPTURE_AUTORELEASING = YES;
				CLANG_WARN_BOOL_CONVERSION = YES;
				CLANG_WARN_COMMA = YES;
				CLANG_WARN_CONSTANT_CONVERSION = YES;
				CLANG_WARN_DEPRECATED_OBJC_IMPLEMENTATIONS = YES;
				CLANG_WARN_DIRECT_OBJC_ISA_USAGE = YES_ERROR;
				CLANG_WARN_DOCUMENTATION_COMMENTS = YES;
				CLANG_WARN_EMPTY_BODY = YES;
				CLANG_WARN_ENUM_CONVERSION = YES;
				CLANG_WARN_INFINITE_RECURSION = YES;
				CLANG_WARN_INT_CONVERSION = YES;
				CLANG_WARN_NON_LITERAL_NULL_CONVERSION = YES;
				CLANG_WARN_OBJC_IMPLICIT_RETAIN_SELF = YES;
				CLANG_WARN_OBJC_LITERAL_CONVERSION = YES;
				CLANG_WARN_OBJC_ROOT_CLASS = YES_ERROR;
				CLANG_WARN_QUOTED_INCLUDE_IN_FRAMEWORK_HEADER = YES;
				CLANG_WARN_RANGE_LOOP_ANALYSIS = YES;
				CLANG_WARN_STRICT_PROTOTYPES = YES;
				CLANG_WARN_SUSPICIOUS_MOVE = YES;
				CLANG_WARN_UNGUARDED_AVAILABILITY = YES_AGGRESSIVE;
				CLANG_WARN_UNREACHABLE_CODE = YES;
				CLANG_WARN__DUPLICATE_METHOD_MATCH = YES;
				COPY_PHASE_STRIP = NO;
				DEBUG_INFORMATION_FORMAT = "dwarf-with-dsym";
				ENABLE_NS_ASSERTIONS = NO;
				ENABLE_STRICT_OBJC_MSGSEND = YES;
				GCC_C_LANGUAGE_STANDARD = gnu11;
				GCC_NO_COMMON_BLOCKS = YES;
				GCC_WARN_64_TO_32_BIT_CONVERSION = YES;
				GCC_WARN_ABOUT_RETURN_TYPE = YES_ERROR;
				GCC_WARN_UNDECLARED_SELECTOR = YES;
				GCC_WARN_UNINITIALIZED_AUTOS = YES_AGGRESSIVE;
				GCC_WARN_UNUSED_FUNCTION = YES;
				GCC_WARN_UNUSED_VARIABLE = YES;
				IPHONEOS_DEPLOYMENT_TARGET = 15.2;
				MTL_ENABLE_DEBUG_INFO = NO;
				MTL_FAST_MATH = YES;
				SDKROOT = iphoneos;
				SWIFT_COMPILATION_MODE = wholemodule;
				SWIFT_OPTIMIZATION_LEVEL = "-O";
				VALIDATE_PRODUCT = YES;
			};
			name = Release;
		};
		A915B09327A2926000817A94 /* Debug */ = {
			isa = XCBuildConfiguration;
			buildSettings = {
				ASSETCATALOG_COMPILER_APPICON_NAME = AppIcon;
				ASSETCATALOG_COMPILER_GLOBAL_ACCENT_COLOR_NAME = AccentColor;
				CODE_SIGN_STYLE = Automatic;
				CURRENT_PROJECT_VERSION = 1;
				DEVELOPMENT_ASSET_PATHS = "\"MyAssets/Preview Content\"";
				DEVELOPMENT_TEAM = YB3R3CK6WP;
				ENABLE_PREVIEWS = YES;
				GENERATE_INFOPLIST_FILE = YES;
				INFOPLIST_FILE = MyAssets/Info.plist;
				INFOPLIST_KEY_UIApplicationSceneManifest_Generation = YES;
				INFOPLIST_KEY_UIApplicationSupportsIndirectInputEvents = YES;
				INFOPLIST_KEY_UILaunchScreen_Generation = YES;
				INFOPLIST_KEY_UISupportedInterfaceOrientations_iPad = "UIInterfaceOrientationPortrait UIInterfaceOrientationPortraitUpsideDown UIInterfaceOrientationLandscapeLeft UIInterfaceOrientationLandscapeRight";
				INFOPLIST_KEY_UISupportedInterfaceOrientations_iPhone = "UIInterfaceOrientationPortrait UIInterfaceOrientationLandscapeLeft UIInterfaceOrientationLandscapeRight";
				INFOPLIST_KEY_UIUserInterfaceStyle = Light;
				LD_RUNPATH_SEARCH_PATHS = (
					"$(inherited)",
					"@executable_path/Frameworks",
				);
				MARKETING_VERSION = 1.0;
				PRODUCT_BUNDLE_IDENTIFIER = "min-kyoung.MyAssets";
				PRODUCT_NAME = "$(TARGET_NAME)";
				SWIFT_EMIT_LOC_STRINGS = YES;
				SWIFT_VERSION = 5.0;
				TARGETED_DEVICE_FAMILY = "1,2";
			};
			name = Debug;
		};
		A915B09427A2926000817A94 /* Release */ = {
			isa = XCBuildConfiguration;
			buildSettings = {
				ASSETCATALOG_COMPILER_APPICON_NAME = AppIcon;
				ASSETCATALOG_COMPILER_GLOBAL_ACCENT_COLOR_NAME = AccentColor;
				CODE_SIGN_STYLE = Automatic;
				CURRENT_PROJECT_VERSION = 1;
				DEVELOPMENT_ASSET_PATHS = "\"MyAssets/Preview Content\"";
				DEVELOPMENT_TEAM = YB3R3CK6WP;
				ENABLE_PREVIEWS = YES;
				GENERATE_INFOPLIST_FILE = YES;
				INFOPLIST_FILE = MyAssets/Info.plist;
				INFOPLIST_KEY_UIApplicationSceneManifest_Generation = YES;
				INFOPLIST_KEY_UIApplicationSupportsIndirectInputEvents = YES;
				INFOPLIST_KEY_UILaunchScreen_Generation = YES;
				INFOPLIST_KEY_UISupportedInterfaceOrientations_iPad = "UIInterfaceOrientationPortrait UIInterfaceOrientationPortraitUpsideDown UIInterfaceOrientationLandscapeLeft UIInterfaceOrientationLandscapeRight";
				INFOPLIST_KEY_UISupportedInterfaceOrientations_iPhone = "UIInterfaceOrientationPortrait UIInterfaceOrientationLandscapeLeft UIInterfaceOrientationLandscapeRight";
				INFOPLIST_KEY_UIUserInterfaceStyle = Light;
				LD_RUNPATH_SEARCH_PATHS = (
					"$(inherited)",
					"@executable_path/Frameworks",
				);
				MARKETING_VERSION = 1.0;
				PRODUCT_BUNDLE_IDENTIFIER = "min-kyoung.MyAssets";
				PRODUCT_NAME = "$(TARGET_NAME)";
				SWIFT_EMIT_LOC_STRINGS = YES;
				SWIFT_VERSION = 5.0;
				TARGETED_DEVICE_FAMILY = "1,2";
			};
			name = Release;
		};
/* End XCBuildConfiguration section */

/* Begin XCConfigurationList section */
		A915B07F27A2925D00817A94 /* Build configuration list for PBXProject "MyAssets" */ = {
			isa = XCConfigurationList;
			buildConfigurations = (
				A915B09027A2926000817A94 /* Debug */,
				A915B09127A2926000817A94 /* Release */,
			);
			defaultConfigurationIsVisible = 0;
			defaultConfigurationName = Release;
		};
		A915B09227A2926000817A94 /* Build configuration list for PBXNativeTarget "MyAssets" */ = {
			isa = XCConfigurationList;
			buildConfigurations = (
				A915B09327A2926000817A94 /* Debug */,
				A915B09427A2926000817A94 /* Release */,
			);
			defaultConfigurationIsVisible = 0;
			defaultConfigurationName = Release;
		};
/* End XCConfigurationList section */
	};
	rootObject = A915B07C27A2925D00817A94 /* Project object */;
}
